
Microsoft Visual Studio Solution File, Format Version 12.00
# Visual Studio Version 16
VisualStudioVersion = 16.0.30503.244
MinimumVisualStudioVersion = 10.0.40219.1
Project("{FAE04EC0-301F-11D3-BF4B-00C04F79EFBC}") = "ComicBookGallery", "ComicBookGallery\ComicBookGallery.csproj", "{E70848BC-0495-4935-B996-92E3B5E5B2E5}"
EndProject
Global
	GlobalSection(SolutionConfigurationPlatforms) = preSolution
		Debug|Any CPU = Debug|Any CPU
		Release|Any CPU = Release|Any CPU
	EndGlobalSection
	GlobalSection(ProjectConfigurationPlatforms) = postSolution
		{E70848BC-0495-4935-B996-92E3B5E5B2E5}.Debug|Any CPU.ActiveCfg = Debug|Any CPU
		{E70848BC-0495-4935-B996-92E3B5E5B2E5}.Debug|Any CPU.Build.0 = Debug|Any CPU
		{E70848BC-0495-4935-B996-92E3B5E5B2E5}.Release|Any CPU.ActiveCfg = Release|Any CPU
		{E70848BC-0495-4935-B996-92E3B5E5B2E5}.Release|Any CPU.Build.0 = Release|Any CPU
	EndGlobalSection
	GlobalSection(SolutionProperties) = preSolution
		HideSolutionNode = FALSE
	EndGlobalSection
	GlobalSection(ExtensibilityGlobals) = postSolution
		SolutionGuid = {D981E9FB-B857-4B1B-8F56-C0A1BFF12720}
	EndGlobalSection
EndGlobal
